
Microsoft Visual Studio Solution File, Format Version 12.00
# Visual Studio Version 16
VisualStudioVersion = 16.0.29306.81
MinimumVisualStudioVersion = 10.0.40219.1
Project("{9A19103F-16F7-4668-BE54-9A1E7A4F7556}") = "RoR1ItemRework", "RoR1ItemRework.csproj", "{62EA9D2D-DAE8-48B0-A298-FEE4538BB75E}"
EndProject
Global
	GlobalSection(SolutionConfigurationPlatforms) = preSolution
		Debug|Any CPU = Debug|Any CPU
		Release|Any CPU = Release|Any CPU
	EndGlobalSection
	GlobalSection(ProjectConfigurationPlatforms) = postSolution
		{62EA9D2D-DAE8-48B0-A298-FEE4538BB75E}.Debug|Any CPU.ActiveCfg = Debug|Any CPU
		{62EA9D2D-DAE8-48B0-A298-FEE4538BB75E}.Debug|Any CPU.Build.0 = Debug|Any CPU
		{62EA9D2D-DAE8-48B0-A298-FEE4538BB75E}.Release|Any CPU.ActiveCfg = Release|Any CPU
		{62EA9D2D-DAE8-48B0-A298-FEE4538BB75E}.Release|Any CPU.Build.0 = Release|Any CPU
	EndGlobalSection
	GlobalSection(SolutionProperties) = preSolution
		HideSolutionNode = FALSE
	EndGlobalSection
	GlobalSection(ExtensibilityGlobals) = postSolution
		SolutionGuid = {F4B8FBB0-A9FE-4551-9940-28ACFD98C186}
	EndGlobalSection
EndGlobal
